
Microsoft Visual Studio Solution File, Format Version 12.00
# Visual Studio 14
VisualStudioVersion = 14.0.23107.0
MinimumVisualStudioVersion = 10.0.40219.1
Project("{FAE04EC0-301F-11D3-BF4B-00C04F79EFBC}") = "Rewards.Web", "Rewards.Web\Rewards.Web.csproj", "{3AEA68A8-C89F-4528-8658-E9DB3664238D}"
EndProject
Global
	GlobalSection(SolutionConfigurationPlatforms) = preSolution
		Debug|Any CPU = Debug|Any CPU
		Release|Any CPU = Release|Any CPU
	EndGlobalSection
	GlobalSection(ProjectConfigurationPlatforms) = postSolution
		{3AEA68A8-C89F-4528-8658-E9DB3664238D}.Debug|Any CPU.ActiveCfg = Debug|Any CPU
		{3AEA68A8-C89F-4528-8658-E9DB3664238D}.Debug|Any CPU.Build.0 = Debug|Any CPU
		{3AEA68A8-C89F-4528-8658-E9DB3664238D}.Release|Any CPU.ActiveCfg = Release|Any CPU
		{3AEA68A8-C89F-4528-8658-E9DB3664238D}.Release|Any CPU.Build.0 = Release|Any CPU
	EndGlobalSection
	GlobalSection(SolutionProperties) = preSolution
		HideSolutionNode = FALSE
	EndGlobalSection
EndGlobal
